// !$*UTF8*$!
{
	archiveVersion = 1;
	classes = {
	};
	objectVersion = 77;
	objects = {

/* Begin PBXBuildFile section */
		04858EBFD942C2983EBE2A17 /* SidebarView.swift in Sources */ = {isa = PBXBuildFile; fileRef = D2ABE903E8751CE39F70E2CB /* SidebarView.swift */; };
		074DC82503C8ECC8D5EBF3F7 /* ChatContainerView.swift in Sources */ = {isa = PBXBuildFile; fileRef = 3CB1F1DF50087C1F74C5D3C0 /* ChatContainerView.swift */; };
		2452E54D0C8BF1E56783E8C3 /* RootView.swift in Sources */ = {isa = PBXBuildFile; fileRef = 59473F233440AD9578AAA7FC /* RootView.swift */; };
		324FFE6B36E1C8021862F551 /* Assets.xcassets in Resources */ = {isa = PBXBuildFile; fileRef = AEEFF6A8EAB4AAC32E3F016F /* Assets.xcassets */; };
		3A79B6636B8973151B41C4C6 /* ComposerView.swift in Sources */ = {isa = PBXBuildFile; fileRef = 9E06F6B77FB09F4D3C4A07B3 /* ComposerView.swift */; };
		3E673CF9BF18B452FBCE29F3 /* DesignSupport.swift in Sources */ = {isa = PBXBuildFile; fileRef = 12BC58746B1572C46ACCD829 /* DesignSupport.swift */; };
		49ECC6D79223F9E44A1950BF /* ConnectionsSheet.swift in Sources */ = {isa = PBXBuildFile; fileRef = 006CE6F7D8F741E3E98D1C18 /* ConnectionsSheet.swift */; };
		5A12D9AF1D6035A662EE9C49 /* ChatView.swift in Sources */ = {isa = PBXBuildFile; fileRef = CD29DC3828CCF199BD3A90BD /* ChatView.swift */; };
		6220E54E3FA93D4459D61733 /* Blocks.swift in Sources */ = {isa = PBXBuildFile; fileRef = 9619974422B84BD5241E63A3 /* Blocks.swift */; };
		70E7BFB0496B7BC2FF2C0B3A /* RoutinesPanel.swift in Sources */ = {isa = PBXBuildFile; fileRef = B6F80C84A3CEEC72FD148547 /* RoutinesPanel.swift */; };
		71C85F662DAA5BF6B7488596 /* TokenGalleryView.swift in Sources */ = {isa = PBXBuildFile; fileRef = 8ABF3B6727795436BC27B056 /* TokenGalleryView.swift */; };
		972BF08AE643FFAF01B2BD55 /* AppIcon.icon in Resources */ = {isa = PBXBuildFile; fileRef = AA19EC340EBF8D51322B6EAC /* AppIcon.icon */; };
		9D0B7F0D13B924171DB51D46 /* BotterKit in Frameworks */ = {isa = PBXBuildFile; productRef = 4B8125FD71051BD59184F579 /* BotterKit */; };
		B31E300D80BBB54DBD37B881 /* SuggestionCatalog.swift in Sources */ = {isa = PBXBuildFile; fileRef = 6D9ABD4EF5573E26E273523B /* SuggestionCatalog.swift */; };
		B5FD9A5E8E15B172760C5214 /* SuggestionCatalogSheet.swift in Sources */ = {isa = PBXBuildFile; fileRef = 2FB54B529CF8A057A87DE67C /* SuggestionCatalogSheet.swift */; };
		BD1352ACEDDCF20EE352D454 /* AppNotifications.swift in Sources */ = {isa = PBXBuildFile; fileRef = 0CEB4E719A4599F091A921F1 /* AppNotifications.swift */; };
		C4DDD7A6568CF983DB697798 /* TaskReportCard.swift in Sources */ = {isa = PBXBuildFile; fileRef = 2C9F07DF8B300B6AAE1FEADB /* TaskReportCard.swift */; };
		D014C48ED8E314D3AB5B4093 /* BotEditorSheet.swift in Sources */ = {isa = PBXBuildFile; fileRef = 21BFA442FB54728AA608CFE0 /* BotEditorSheet.swift */; };
		D833B4570DB5D79FEF1E565C /* SettingsView.swift in Sources */ = {isa = PBXBuildFile; fileRef = 9D334F2004E3EBBC33E59B54 /* SettingsView.swift */; };
		ECEC4D15B302A4B64C5F7C8E /* BotterApp.swift in Sources */ = {isa = PBXBuildFile; fileRef = 64B2F2E73D4B43C4B63C25D6 /* BotterApp.swift */; };
		FF1F447CE08FFE313BACF7E7 /* AgentStatus.swift in Sources */ = {isa = PBXBuildFile; fileRef = BD9AE65D100CD49F20714578 /* AgentStatus.swift */; };
/* End PBXBuildFile section */

/* Begin PBXFileReference section */
		006CE6F7D8F741E3E98D1C18 /* ConnectionsSheet.swift */ = {isa = PBXFileReference; lastKnownFileType = sourcecode.swift; path = ConnectionsSheet.swift; sourceTree = "<group>"; };
		0CA7A2B33E95CC54C03E0AA0 /* Botter.app */ = {isa = PBXFileReference; explicitFileType = wrapper.application; includeInIndex = 0; path = Botter.app; sourceTree = BUILT_PRODUCTS_DIR; };
		0CEB4E719A4599F091A921F1 /* AppNotifications.swift */ = {isa = PBXFileReference; lastKnownFileType = sourcecode.swift; path = AppNotifications.swift; sourceTree = "<group>"; };
		12BC58746B1572C46ACCD829 /* DesignSupport.swift */ = {isa = PBXFileReference; lastKnownFileType = sourcecode.swift; path = DesignSupport.swift; sourceTree = "<group>"; };
		21BFA442FB54728AA608CFE0 /* BotEditorSheet.swift */ = {isa = PBXFileReference; lastKnownFileType = sourcecode.swift; path = BotEditorSheet.swift; sourceTree = "<group>"; };
		2C9F07DF8B300B6AAE1FEADB /* TaskReportCard.swift */ = {isa = PBXFileReference; lastKnownFileType = sourcecode.swift; path = TaskReportCard.swift; sourceTree = "<group>"; };
		2FB54B529CF8A057A87DE67C /* SuggestionCatalogSheet.swift */ = {isa = PBXFileReference; lastKnownFileType = sourcecode.swift; path = SuggestionCatalogSheet.swift; sourceTree = "<group>"; };
		333FFE873CB0229743FDF09C /* Info.plist */ = {isa = PBXFileReference; lastKnownFileType = text.plist; path = Info.plist; sourceTree = "<group>"; };
		3CB1F1DF50087C1F74C5D3C0 /* ChatContainerView.swift */ = {isa = PBXFileReference; lastKnownFileType = sourcecode.swift; path = ChatContainerView.swift; sourceTree = "<group>"; };
		59473F233440AD9578AAA7FC /* RootView.swift */ = {isa = PBXFileReference; lastKnownFileType = sourcecode.swift; path = RootView.swift; sourceTree = "<group>"; };
		64B2F2E73D4B43C4B63C25D6 /* BotterApp.swift */ = {isa = PBXFileReference; lastKnownFileType = sourcecode.swift; path = BotterApp.swift; sourceTree = "<group>"; };
		6D9ABD4EF5573E26E273523B /* SuggestionCatalog.swift */ = {isa = PBXFileReference; lastKnownFileType = sourcecode.swift; path = SuggestionCatalog.swift; sourceTree = "<group>"; };
		8ABF3B6727795436BC27B056 /* TokenGalleryView.swift */ = {isa = PBXFileReference; lastKnownFileType = sourcecode.swift; path = TokenGalleryView.swift; sourceTree = "<group>"; };
		9619974422B84BD5241E63A3 /* Blocks.swift */ = {isa = PBXFileReference; lastKnownFileType = sourcecode.swift; path = Blocks.swift; sourceTree = "<group>"; };
		9D334F2004E3EBBC33E59B54 /* SettingsView.swift */ = {isa = PBXFileReference; lastKnownFileType = sourcecode.swift; path = SettingsView.swift; sourceTree = "<group>"; };
		9E06F6B77FB09F4D3C4A07B3 /* ComposerView.swift */ = {isa = PBXFileReference; lastKnownFileType = sourcecode.swift; path = ComposerView.swift; sourceTree = "<group>"; };
		AA19EC340EBF8D51322B6EAC /* AppIcon.icon */ = {isa = PBXFileReference; lastKnownFileType = wrapper.icon; path = AppIcon.icon; sourceTree = "<group>"; };
		AEEFF6A8EAB4AAC32E3F016F /* Assets.xcassets */ = {isa = PBXFileReference; lastKnownFileType = folder.assetcatalog; path = Assets.xcassets; sourceTree = "<group>"; };
		B6F80C84A3CEEC72FD148547 /* RoutinesPanel.swift */ = {isa = PBXFileReference; lastKnownFileType = sourcecode.swift; path = RoutinesPanel.swift; sourceTree = "<group>"; };
		BD9AE65D100CD49F20714578 /* AgentStatus.swift */ = {isa = PBXFileReference; lastKnownFileType = sourcecode.swift; path = AgentStatus.swift; sourceTree = "<group>"; };
		CD29DC3828CCF199BD3A90BD /* ChatView.swift */ = {isa = PBXFileReference; lastKnownFileType = sourcecode.swift; path = ChatView.swift; sourceTree = "<group>"; };
		CFB03DE5D60DCE2C7FE88ABB /* BotterKit */ = {isa = PBXFileReference; lastKnownFileType = folder; name = BotterKit; path = BotterKit; sourceTree = SOURCE_ROOT; };
		D2ABE903E8751CE39F70E2CB /* SidebarView.swift */ = {isa = PBXFileReference; lastKnownFileType = sourcecode.swift; path = SidebarView.swift; sourceTree = "<group>"; };
/* End PBXFileReference section */

/* Begin PBXFrameworksBuildPhase section */
		933BD4006A18746F6B84681A /* Frameworks */ = {
			isa = PBXFrameworksBuildPhase;
			buildActionMask = 2147483647;
			files = (
				9D0B7F0D13B924171DB51D46 /* BotterKit in Frameworks */,
			);
			runOnlyForDeploymentPostprocessing = 0;
		};
/* End PBXFrameworksBuildPhase section */

/* Begin PBXGroup section */
		2CE8B9688FACF1EAA1FE7674 /* Debug */ = {
			isa = PBXGroup;
			children = (
				8ABF3B6727795436BC27B056 /* TokenGalleryView.swift */,
			);
			path = Debug;
			sourceTree = "<group>";
		};
		2E053ED64D521AC109DEA3F8 /* Routines */ = {
			isa = PBXGroup;
			children = (
				B6F80C84A3CEEC72FD148547 /* RoutinesPanel.swift */,
			);
			path = Routines;
			sourceTree = "<group>";
		};
		5045D64D838E0B0AD60AD807 /* Sidebar */ = {
			isa = PBXGroup;
			children = (
				D2ABE903E8751CE39F70E2CB /* SidebarView.swift */,
			);
			path = Sidebar;
			sourceTree = "<group>";
		};
		760D0940C7FB3E12C70104B0 /* Chat */ = {
			isa = PBXGroup;
			children = (
				BD9AE65D100CD49F20714578 /* AgentStatus.swift */,
				9619974422B84BD5241E63A3 /* Blocks.swift */,
				3CB1F1DF50087C1F74C5D3C0 /* ChatContainerView.swift */,
				CD29DC3828CCF199BD3A90BD /* ChatView.swift */,
				9E06F6B77FB09F4D3C4A07B3 /* ComposerView.swift */,
				2C9F07DF8B300B6AAE1FEADB /* TaskReportCard.swift */,
			);
			path = Chat;
			sourceTree = "<group>";
		};
		78B6B98FBD16C6C1FEBAD7A6 /* Botter */ = {
			isa = PBXGroup;
			children = (
				AA19EC340EBF8D51322B6EAC /* AppIcon.icon */,
				0CEB4E719A4599F091A921F1 /* AppNotifications.swift */,
				AEEFF6A8EAB4AAC32E3F016F /* Assets.xcassets */,
				64B2F2E73D4B43C4B63C25D6 /* BotterApp.swift */,
				12BC58746B1572C46ACCD829 /* DesignSupport.swift */,
				333FFE873CB0229743FDF09C /* Info.plist */,
				59473F233440AD9578AAA7FC /* RootView.swift */,
				9D334F2004E3EBBC33E59B54 /* SettingsView.swift */,
				ED255B4A2DAF848CB9F059E6 /* BotEditor */,
				760D0940C7FB3E12C70104B0 /* Chat */,
				F8CBA817CF128C6BB153CFA5 /* Connections */,
				2CE8B9688FACF1EAA1FE7674 /* Debug */,
				2E053ED64D521AC109DEA3F8 /* Routines */,
				5045D64D838E0B0AD60AD807 /* Sidebar */,
			);
			path = Botter;
			sourceTree = "<group>";
		};
		7955BABE63A806EEA04331A8 = {
			isa = PBXGroup;
			children = (
				78B6B98FBD16C6C1FEBAD7A6 /* Botter */,
				E6FC205A416D8598B75E8F22 /* Packages */,
				ABE258649B6B46C1E29885E8 /* Products */,
			);
			sourceTree = "<group>";
		};
		ABE258649B6B46C1E29885E8 /* Products */ = {
			isa = PBXGroup;
			children = (
				0CA7A2B33E95CC54C03E0AA0 /* Botter.app */,
			);
			name = Products;
			sourceTree = "<group>";
		};
		E6FC205A416D8598B75E8F22 /* Packages */ = {
			isa = PBXGroup;
			children = (
				CFB03DE5D60DCE2C7FE88ABB /* BotterKit */,
			);
			name = Packages;
			sourceTree = "<group>";
		};
		ED255B4A2DAF848CB9F059E6 /* BotEditor */ = {
			isa = PBXGroup;
			children = (
				21BFA442FB54728AA608CFE0 /* BotEditorSheet.swift */,
				6D9ABD4EF5573E26E273523B /* SuggestionCatalog.swift */,
				2FB54B529CF8A057A87DE67C /* SuggestionCatalogSheet.swift */,
			);
			path = BotEditor;
			sourceTree = "<group>";
		};
		F8CBA817CF128C6BB153CFA5 /* Connections */ = {
			isa = PBXGroup;
			children = (
				006CE6F7D8F741E3E98D1C18 /* ConnectionsSheet.swift */,
			);
			path = Connections;
			sourceTree = "<group>";
		};
/* End PBXGroup section */

/* Begin PBXNativeTarget section */
		601EEBC5E036DEAF92C76797 /* Botter */ = {
			isa = PBXNativeTarget;
			buildConfigurationList = 36B0FB3F6254D103188EB691 /* Build configuration list for PBXNativeTarget "Botter" */;
			buildPhases = (
				CA5523A348B8ADBAA57F6EBE /* Sources */,
				412DF89B90EF5D6136277E5D /* Resources */,
				933BD4006A18746F6B84681A /* Frameworks */,
			);
			buildRules = (
			);
			dependencies = (
			);
			name = Botter;
			packageProductDependencies = (
				4B8125FD71051BD59184F579 /* BotterKit */,
			);
			productName = Botter;
			productReference = 0CA7A2B33E95CC54C03E0AA0 /* Botter.app */;
			productType = "com.apple.product-type.application";
		};
/* End PBXNativeTarget section */

/* Begin PBXProject section */
		E89372F1C609FABCBD1AC5AF /* Project object */ = {
			isa = PBXProject;
			attributes = {
				BuildIndependentTargetsInParallel = YES;
				LastUpgradeCheck = 1430;
				TargetAttributes = {
				};
			};
			buildConfigurationList = DBFC66B02DF1A9ECCCBA3E42 /* Build configuration list for PBXProject "Botter" */;
			developmentRegion = en;
			hasScannedForEncodings = 0;
			knownRegions = (
				Base,
				en,
			);
			mainGroup = 7955BABE63A806EEA04331A8;
			minimizedProjectReferenceProxies = 1;
			packageReferences = (
				D05B0767957E40B11FA2CE71 /* XCLocalSwiftPackageReference "BotterKit" */,
			);
			preferredProjectObjectVersion = 77;
			productRefGroup = ABE258649B6B46C1E29885E8 /* Products */;
			projectDirPath = "";
			projectRoot = "";
			targets = (
				601EEBC5E036DEAF92C76797 /* Botter */,
			);
		};
/* End PBXProject section */

/* Begin PBXResourcesBuildPhase section */
		412DF89B90EF5D6136277E5D /* Resources */ = {
			isa = PBXResourcesBuildPhase;
			buildActionMask = 2147483647;
			files = (
				972BF08AE643FFAF01B2BD55 /* AppIcon.icon in Resources */,
				324FFE6B36E1C8021862F551 /* Assets.xcassets in Resources */,
			);
			runOnlyForDeploymentPostprocessing = 0;
		};
/* End PBXResourcesBuildPhase section */

/* Begin PBXSourcesBuildPhase section */
		CA5523A348B8ADBAA57F6EBE /* Sources */ = {
			isa = PBXSourcesBuildPhase;
			buildActionMask = 2147483647;
			files = (
				FF1F447CE08FFE313BACF7E7 /* AgentStatus.swift in Sources */,
				BD1352ACEDDCF20EE352D454 /* AppNotifications.swift in Sources */,
				6220E54E3FA93D4459D61733 /* Blocks.swift in Sources */,
				D014C48ED8E314D3AB5B4093 /* BotEditorSheet.swift in Sources */,
				ECEC4D15B302A4B64C5F7C8E /* BotterApp.swift in Sources */,
				074DC82503C8ECC8D5EBF3F7 /* ChatContainerView.swift in Sources */,
				5A12D9AF1D6035A662EE9C49 /* ChatView.swift in Sources */,
				3A79B6636B8973151B41C4C6 /* ComposerView.swift in Sources */,
				49ECC6D79223F9E44A1950BF /* ConnectionsSheet.swift in Sources */,
				3E673CF9BF18B452FBCE29F3 /* DesignSupport.swift in Sources */,
				2452E54D0C8BF1E56783E8C3 /* RootView.swift in Sources */,
				70E7BFB0496B7BC2FF2C0B3A /* RoutinesPanel.swift in Sources */,
				D833B4570DB5D79FEF1E565C /* SettingsView.swift in Sources */,
				04858EBFD942C2983EBE2A17 /* SidebarView.swift in Sources */,
				B31E300D80BBB54DBD37B881 /* SuggestionCatalog.swift in Sources */,
				B5FD9A5E8E15B172760C5214 /* SuggestionCatalogSheet.swift in Sources */,
				C4DDD7A6568CF983DB697798 /* TaskReportCard.swift in Sources */,
				71C85F662DAA5BF6B7488596 /* TokenGalleryView.swift in Sources */,
			);
			runOnlyForDeploymentPostprocessing = 0;
		};
/* End PBXSourcesBuildPhase section */

/* Begin XCBuildConfiguration section */
		4933EBA12BBACAFD2A5C9799 /* Release */ = {
			isa = XCBuildConfiguration;
			buildSettings = {
				ALWAYS_SEARCH_USER_PATHS = NO;
				CLANG_ANALYZER_NONNULL = YES;
				CLANG_ANALYZER_NUMBER_OBJECT_CONVERSION = YES_AGGRESSIVE;
				CLANG_CXX_LANGUAGE_STANDARD = "gnu++14";
				CLANG_CXX_LIBRARY = "libc++";
				CLANG_ENABLE_MODULES = YES;
				CLANG_ENABLE_OBJC_ARC = YES;
				CLANG_ENABLE_OBJC_WEAK = YES;
				CLANG_WARN_BLOCK_CAPTURE_AUTORELEASING = YES;
				CLANG_WARN_BOOL_CONVERSION = YES;
				CLANG_WARN_COMMA = YES;
				CLANG_WARN_CONSTANT_CONVERSION = YES;
				CLANG_WARN_DEPRECATED_OBJC_IMPLEMENTATIONS = YES;
				CLANG_WARN_DIRECT_OBJC_ISA_USAGE = YES_ERROR;
				CLANG_WARN_DOCUMENTATION_COMMENTS = YES;
				CLANG_WARN_EMPTY_BODY = YES;
				CLANG_WARN_ENUM_CONVERSION = YES;
				CLANG_WARN_INFINITE_RECURSION = YES;
				CLANG_WARN_INT_CONVERSION = YES;
				CLANG_WARN_NON_LITERAL_NULL_CONVERSION = YES;
				CLANG_WARN_OBJC_IMPLICIT_RETAIN_SELF = YES;
				CLANG_WARN_OBJC_LITERAL_CONVERSION = YES;
				CLANG_WARN_OBJC_ROOT_CLASS = YES_ERROR;
				CLANG_WARN_QUOTED_INCLUDE_IN_FRAMEWORK_HEADER = YES;
				CLANG_WARN_RANGE_LOOP_ANALYSIS = YES;
				CLANG_WARN_STRICT_PROTOTYPES = YES;
				CLANG_WARN_SUSPICIOUS_MOVE = YES;
				CLANG_WARN_UNGUARDED_AVAILABILITY = YES_AGGRESSIVE;
				CLANG_WARN_UNREACHABLE_CODE = YES;
				CLANG_WARN__DUPLICATE_METHOD_MATCH = YES;
				COPY_PHASE_STRIP = NO;
				DEBUG_INFORMATION_FORMAT = "dwarf-with-dsym";
				ENABLE_NS_ASSERTIONS = NO;
				ENABLE_STRICT_OBJC_MSGSEND = YES;
				GCC_C_LANGUAGE_STANDARD = gnu11;
				GCC_NO_COMMON_BLOCKS = YES;
				GCC_WARN_64_TO_32_BIT_CONVERSION = YES;
				GCC_WARN_ABOUT_RETURN_TYPE = YES_ERROR;
				GCC_WARN_UNDECLARED_SELECTOR = YES;
				GCC_WARN_UNINITIALIZED_AUTOS = YES_AGGRESSIVE;
				GCC_WARN_UNUSED_FUNCTION = YES;
				GCC_WARN_UNUSED_VARIABLE = YES;
				MACOSX_DEPLOYMENT_TARGET = 15.0;
				MTL_ENABLE_DEBUG_INFO = NO;
				MTL_FAST_MATH = YES;
				PRODUCT_NAME = "$(TARGET_NAME)";
				SDKROOT = macosx;
				SWIFT_COMPILATION_MODE = wholemodule;
				SWIFT_OPTIMIZATION_LEVEL = "-O";
				SWIFT_VERSION = 5.0;
			};
			name = Release;
		};
		76B484B65B4BA74DF343D221 /* Debug */ = {
			isa = XCBuildConfiguration;
			buildSettings = {
				ASSETCATALOG_COMPILER_APPICON_NAME = AppIcon;
				CODE_SIGNING_REQUIRED = NO;
				CODE_SIGN_IDENTITY = "-";
				COMBINE_HIDPI_IMAGES = YES;
				CURRENT_PROJECT_VERSION = 1;
				INFOPLIST_FILE = Botter/Info.plist;
				LD_RUNPATH_SEARCH_PATHS = (
					"$(inherited)",
					"@executable_path/../Frameworks",
				);
				MARKETING_VERSION = 0.1.0;
				PRODUCT_BUNDLE_IDENTIFIER = com.treysweeney.botter;
				SDKROOT = macosx;
				SWIFT_VERSION = 6.0;
			};
			name = Debug;
		};
		ADE9751A0D92F746CDECBCD3 /* Release */ = {
			isa = XCBuildConfiguration;
			buildSettings = {
				ASSETCATALOG_COMPILER_APPICON_NAME = AppIcon;
				CODE_SIGNING_REQUIRED = NO;
				CODE_SIGN_IDENTITY = "-";
				COMBINE_HIDPI_IMAGES = YES;
				CURRENT_PROJECT_VERSION = 1;
				INFOPLIST_FILE = Botter/Info.plist;
				LD_RUNPATH_SEARCH_PATHS = (
					"$(inherited)",
					"@executable_path/../Frameworks",
				);
				MARKETING_VERSION = 0.1.0;
				PRODUCT_BUNDLE_IDENTIFIER = com.treysweeney.botter;
				SDKROOT = macosx;
				SWIFT_VERSION = 6.0;
			};
			name = Release;
		};
		FF73EA68247239238D2DD927 /* Debug */ = {
			isa = XCBuildConfiguration;
			buildSettings = {
				ALWAYS_SEARCH_USER_PATHS = NO;
				CLANG_ANALYZER_NONNULL = YES;
				CLANG_ANALYZER_NUMBER_OBJECT_CONVERSION = YES_AGGRESSIVE;
				CLANG_CXX_LANGUAGE_STANDARD = "gnu++14";
				CLANG_CXX_LIBRARY = "libc++";
				CLANG_ENABLE_MODULES = YES;
				CLANG_ENABLE_OBJC_ARC = YES;
				CLANG_ENABLE_OBJC_WEAK = YES;
				CLANG_WARN_BLOCK_CAPTURE_AUTORELEASING = YES;
				CLANG_WARN_BOOL_CONVERSION = YES;
				CLANG_WARN_COMMA = YES;
				CLANG_WARN_CONSTANT_CONVERSION = YES;
				CLANG_WARN_DEPRECATED_OBJC_IMPLEMENTATIONS = YES;
				CLANG_WARN_DIRECT_OBJC_ISA_USAGE = YES_ERROR;
				CLANG_WARN_DOCUMENTATION_COMMENTS = YES;
				CLANG_WARN_EMPTY_BODY = YES;
				CLANG_WARN_ENUM_CONVERSION = YES;
				CLANG_WARN_INFINITE_RECURSION = YES;
				CLANG_WARN_INT_CONVERSION = YES;
				CLANG_WARN_NON_LITERAL_NULL_CONVERSION = YES;
				CLANG_WARN_OBJC_IMPLICIT_RETAIN_SELF = YES;
				CLANG_WARN_OBJC_LITERAL_CONVERSION = YES;
				CLANG_WARN_OBJC_ROOT_CLASS = YES_ERROR;
				CLANG_WARN_QUOTED_INCLUDE_IN_FRAMEWORK_HEADER = YES;
				CLANG_WARN_RANGE_LOOP_ANALYSIS = YES;
				CLANG_WARN_STRICT_PROTOTYPES = YES;
				CLANG_WARN_SUSPICIOUS_MOVE = YES;
				CLANG_WARN_UNGUARDED_AVAILABILITY = YES_AGGRESSIVE;
				CLANG_WARN_UNREACHABLE_CODE = YES;
				CLANG_WARN__DUPLICATE_METHOD_MATCH = YES;
				COPY_PHASE_STRIP = NO;
				DEBUG_INFORMATION_FORMAT = dwarf;
				ENABLE_STRICT_OBJC_MSGSEND = YES;
				ENABLE_TESTABILITY = YES;
				GCC_C_LANGUAGE_STANDARD = gnu11;
				GCC_DYNAMIC_NO_PIC = NO;
				GCC_NO_COMMON_BLOCKS = YES;
				GCC_OPTIMIZATION_LEVEL = 0;
				GCC_PREPROCESSOR_DEFINITIONS = (
					"$(inherited)",
					"DEBUG=1",
				);
				GCC_WARN_64_TO_32_BIT_CONVERSION = YES;
				GCC_WARN_ABOUT_RETURN_TYPE = YES_ERROR;
				GCC_WARN_UNDECLARED_SELECTOR = YES;
				GCC_WARN_UNINITIALIZED_AUTOS = YES_AGGRESSIVE;
				GCC_WARN_UNUSED_FUNCTION = YES;
				GCC_WARN_UNUSED_VARIABLE = YES;
				MACOSX_DEPLOYMENT_TARGET = 15.0;
				MTL_ENABLE_DEBUG_INFO = INCLUDE_SOURCE;
				MTL_FAST_MATH = YES;
				ONLY_ACTIVE_ARCH = YES;
				PRODUCT_NAME = "$(TARGET_NAME)";
				SDKROOT = macosx;
				SWIFT_ACTIVE_COMPILATION_CONDITIONS = DEBUG;
				SWIFT_OPTIMIZATION_LEVEL = "-Onone";
				SWIFT_VERSION = 5.0;
			};
			name = Debug;
		};
/* End XCBuildConfiguration section */

/* Begin XCConfigurationList section */
		36B0FB3F6254D103188EB691 /* Build configuration list for PBXNativeTarget "Botter" */ = {
			isa = XCConfigurationList;
			buildConfigurations = (
				76B484B65B4BA74DF343D221 /* Debug */,
				ADE9751A0D92F746CDECBCD3 /* Release */,
			);
			defaultConfigurationIsVisible = 0;
			defaultConfigurationName = Debug;
		};
		DBFC66B02DF1A9ECCCBA3E42 /* Build configuration list for PBXProject "Botter" */ = {
			isa = XCConfigurationList;
			buildConfigurations = (
				FF73EA68247239238D2DD927 /* Debug */,
				4933EBA12BBACAFD2A5C9799 /* Release */,
			);
			defaultConfigurationIsVisible = 0;
			defaultConfigurationName = Debug;
		};
/* End XCConfigurationList section */

/* Begin XCLocalSwiftPackageReference section */
		D05B0767957E40B11FA2CE71 /* XCLocalSwiftPackageReference "BotterKit" */ = {
			isa = XCLocalSwiftPackageReference;
			relativePath = BotterKit;
		};
/* End XCLocalSwiftPackageReference section */

/* Begin XCSwiftPackageProductDependency section */
		4B8125FD71051BD59184F579 /* BotterKit */ = {
			isa = XCSwiftPackageProductDependency;
			productName = BotterKit;
		};
/* End XCSwiftPackageProductDependency section */
	};
	rootObject = E89372F1C609FABCBD1AC5AF /* Project object */;
}
